# Generated by move; do not edit
# This file should be checked in.

[move]
version = 4

[pinned.testnet.MoveStdlib]
source = { git = "https://github.com/MystenLabs/sui.git", subdir = 'crates\sui-framework\packages\move-stdlib', rev = "718ae563a42fb4ba0d055588f81c704dcef58c25" }
use_environment = "testnet"
manifest_digest = "C4FE4C91DE74CBF223B2E380AE40F592177D21870DC2D7EB6227D2D694E05363"
deps = {}

[pinned.testnet.Sui]
source = { git = "https://github.com/MystenLabs/sui.git", subdir = 'crates\sui-framework\packages\sui-framework', rev = "718ae563a42fb4ba0d055588f81c704dcef58c25" }
use_environment = "testnet"
manifest_digest = "7AFB66695545775FBFBB2D3078ADFD084244D5002392E837FDE21D9EA1C6D01C"
deps = { MoveStdlib = "MoveStdlib" }

[pinned.testnet.stablecoin]
source = { local = 'vendor\circle\stablecoin' }
use_environment = "testnet"
manifest_digest = "29F5AAC8FFC96E45F555EDFAB796FD5704A714F998FDDF700D71946B8B79DA75"
deps = { Sui = "Sui", sui_extensions = "sui_extensions" }

[pinned.testnet.sui_extensions]
source = { local = 'vendor\circle\sui_extensions' }
use_environment = "testnet"
manifest_digest = "ADADF33092C45A1CC90703687D2A24A27BB6CCFB07A8BC1F98838ABB466E8F9A"
deps = { Sui = "Sui" }

[pinned.testnet.usdc]
source = { local = 'vendor\circle\usdc' }
use_environment = "testnet"
manifest_digest = "4F254D0B738F9310228D5F464DEF548EC36492D96D86318BF3FF61DD90EB1FC8"
deps = { Sui = "Sui", stablecoin = "stablecoin", sui_extensions = "sui_extensions" }

[pinned.testnet.x_market]
source = { root = true }
use_environment = "testnet"
manifest_digest = "4E8B49D1202C5A9B991B40103316A0666EFEF7595B4FC84C2C31C7756A11F051"
deps = { stablecoin = "stablecoin", std = "MoveStdlib", sui = "Sui", sui_extensions = "sui_extensions", usdc = "usdc" }
